// !$*UTF8*$!
{
	archiveVersion = 1;
	classes = {
	};
	objectVersion = 46;
	objects = {

/* Begin PBXBuildFile section */
		2114AC161ADD4E7800C21648 /* baby@2x.png in Resources */ = {isa = PBXBuildFile; fileRef = 2114AC151ADD4E7800C21648 /* baby@2x.png */; };
		2114AC181ADD509D00C21648 /* baby_selected@2x.png in Resources */ = {isa = PBXBuildFile; fileRef = 2114AC171ADD509D00C21648 /* baby_selected@2x.png */; };
		2114AC1C1ADD566E00C21648 /* AboutViewController.m in Sources */ = {isa = PBXBuildFile; fileRef = 2114AC1A1ADD566E00C21648 /* AboutViewController.m */; };
		2114AC1D1ADD566E00C21648 /* AboutViewController.xib in Resources */ = {isa = PBXBuildFile; fileRef = 2114AC1B1ADD566E00C21648 /* AboutViewController.xib */; };
		211E0F1A1ADCF9AE008A55CD /* logo@2x.png in Resources */ = {isa = PBXBuildFile; fileRef = 211E0F191ADCF9AE008A55CD /* logo@2x.png */; };
		211E0F1E1ADCFAB3008A55CD /* personIcon@2x.png in Resources */ = {isa = PBXBuildFile; fileRef = 211E0F1D1ADCFAB3008A55CD /* personIcon@2x.png */; };
		211E0F211ADCFB97008A55CD /* localperson_selected@2x.png in Resources */ = {isa = PBXBuildFile; fileRef = 211E0F1F1ADCFB97008A55CD /* localperson_selected@2x.png */; };
		211E0F221ADCFB97008A55CD /* localperson@2x.png in Resources */ = {isa = PBXBuildFile; fileRef = 211E0F201ADCFB97008A55CD /* localperson@2x.png */; };
		211E0F281ADD0249008A55CD /* LoginViewController.xib in Resources */ = {isa = PBXBuildFile; fileRef = 211E0F271ADD0249008A55CD /* LoginViewController.xib */; };
		211E0F2A1ADD0254008A55CD /* RegisterViewController.xib in Resources */ = {isa = PBXBuildFile; fileRef = 211E0F291ADD0254008A55CD /* RegisterViewController.xib */; };
		2134FA9D1AD611EE008DE994 /* Person.plist in Resources */ = {isa = PBXBuildFile; fileRef = 2134FA9C1AD611EE008DE994 /* Person.plist */; };
		21574A461ADBFA0700C55CB7 /* icon_lock@2x.png in Resources */ = {isa = PBXBuildFile; fileRef = 21574A441ADBFA0700C55CB7 /* icon_lock@2x.png */; };
		21574A471ADBFA0700C55CB7 /* icon_phone@2x.png in Resources */ = {isa = PBXBuildFile; fileRef = 21574A451ADBFA0700C55CB7 /* icon_phone@2x.png */; };
		21574A831ADC012B00C55CB7 /* discover_selected@2x.png in Resources */ = {isa = PBXBuildFile; fileRef = 21574A7D1ADC012B00C55CB7 /* discover_selected@2x.png */; };
		21574A841ADC012B00C55CB7 /* discover@2x.png in Resources */ = {isa = PBXBuildFile; fileRef = 21574A7E1ADC012B00C55CB7 /* discover@2x.png */; };
		21574A851ADC012B00C55CB7 /* home_selected@2x.png in Resources */ = {isa = PBXBuildFile; fileRef = 21574A7F1ADC012B00C55CB7 /* home_selected@2x.png */; };
		21574A861ADC012B00C55CB7 /* home@2x.png in Resources */ = {isa = PBXBuildFile; fileRef = 21574A801ADC012B00C55CB7 /* home@2x.png */; };
		21610E0D1ADB4F5F004CB9F2 /* RegisterViewController.m in Sources */ = {isa = PBXBuildFile; fileRef = 21610E0B1ADB4F5F004CB9F2 /* RegisterViewController.m */; };
		21610E121ADB59F4004CB9F2 /* LoginViewController.m in Sources */ = {isa = PBXBuildFile; fileRef = 21610E101ADB59F4004CB9F2 /* LoginViewController.m */; };
		217621301AE6262C0089CFAD /* LookDoctorCell.m in Sources */ = {isa = PBXBuildFile; fileRef = 2176212F1AE6262C0089CFAD /* LookDoctorCell.m */; };
		217621321AE632110089CFAD /* DoctorIntroduce.plist in Resources */ = {isa = PBXBuildFile; fileRef = 217621311AE632110089CFAD /* DoctorIntroduce.plist */; };
		217621351AE6428E0089CFAD /* DoctorData.m in Sources */ = {isa = PBXBuildFile; fileRef = 217621341AE6428E0089CFAD /* DoctorData.m */; };
		218F0FD21AE5371C00B5912E /* doctor_icon@2x.png in Resources */ = {isa = PBXBuildFile; fileRef = 218F0FD11AE5371C00B5912E /* doctor_icon@2x.png */; };
		218F0FD61AE537BB00B5912E /* LookDoctorViewController.m in Sources */ = {isa = PBXBuildFile; fileRef = 218F0FD41AE537BB00B5912E /* LookDoctorViewController.m */; };
		218F0FD71AE537BB00B5912E /* LookDoctorViewController.xib in Resources */ = {isa = PBXBuildFile; fileRef = 218F0FD51AE537BB00B5912E /* LookDoctorViewController.xib */; };
		219161BE1AE5E875001A282B /* LookDoctorCell.xib in Resources */ = {isa = PBXBuildFile; fileRef = 219161BD1AE5E875001A282B /* LookDoctorCell.xib */; };
		219161C81AE5F9B9001A282B /* DoctorIntroduceViewController.m in Sources */ = {isa = PBXBuildFile; fileRef = 219161C61AE5F9B9001A282B /* DoctorIntroduceViewController.m */; };
		219161C91AE5F9B9001A282B /* DoctorIntroduceViewController.xib in Resources */ = {isa = PBXBuildFile; fileRef = 219161C71AE5F9B9001A282B /* DoctorIntroduceViewController.xib */; };
		21ADCBE11AE49BA1006E79AB /* WebViewController.m in Sources */ = {isa = PBXBuildFile; fileRef = 21ADCBDF1AE49BA1006E79AB /* WebViewController.m */; };
		21BAF16C1ADCB824009147B5 /* ForgetViewController.m in Sources */ = {isa = PBXBuildFile; fileRef = 21BAF16A1ADCB824009147B5 /* ForgetViewController.m */; };
		21BAF16D1ADCB824009147B5 /* ForgetViewController.xib in Resources */ = {isa = PBXBuildFile; fileRef = 21BAF16B1ADCB824009147B5 /* ForgetViewController.xib */; };
		21BAF1711ADCBC55009147B5 /* ForgetViewController2.m in Sources */ = {isa = PBXBuildFile; fileRef = 21BAF16F1ADCBC55009147B5 /* ForgetViewController2.m */; };
		21BAF1721ADCBC55009147B5 /* ForgetViewController2.xib in Resources */ = {isa = PBXBuildFile; fileRef = 21BAF1701ADCBC55009147B5 /* ForgetViewController2.xib */; };
		F83DB08D1AB5AAF800D78E80 /* ChoseBabyViewController.m in Sources */ = {isa = PBXBuildFile; fileRef = F83DB08C1AB5AAF800D78E80 /* ChoseBabyViewController.m */; };
		F83DB0901AB5AFFA00D78E80 /* AddBabyViewController.m in Sources */ = {isa = PBXBuildFile; fileRef = F83DB08F1AB5AFFA00D78E80 /* AddBabyViewController.m */; };
		F83DB0971AB5DF3400D78E80 /* child@2x.png in Resources */ = {isa = PBXBuildFile; fileRef = F83DB0961AB5DF3400D78E80 /* child@2x.png */; };
		F83DB0991AB5E09A00D78E80 /* lookDoctor@2x.png in Resources */ = {isa = PBXBuildFile; fileRef = F83DB0981AB5E09A00D78E80 /* lookDoctor@2x.png */; };
		F83DB09B1AB5E1C100D78E80 /* top@2x.png in Resources */ = {isa = PBXBuildFile; fileRef = F83DB09A1AB5E1C100D78E80 /* top@2x.png */; };
		F869B4751AB5332C00666FA2 /* hospital@2x.png in Resources */ = {isa = PBXBuildFile; fileRef = F869B4741AB5332C00666FA2 /* hospital@2x.png */; };
		F869B4771AB536BF00666FA2 /* search_rect@2x.gif in Resources */ = {isa = PBXBuildFile; fileRef = F869B4761AB536BF00666FA2 /* search_rect@2x.gif */; };
		F869B4791AB552AA00666FA2 /* doctor@2x.png in Resources */ = {isa = PBXBuildFile; fileRef = F869B4781AB552AA00666FA2 /* doctor@2x.png */; };
		F869B47B1AB5536500666FA2 /* information@2x.png in Resources */ = {isa = PBXBuildFile; fileRef = F869B47A1AB5536500666FA2 /* information@2x.png */; };
		F869B47D1AB5540600666FA2 /* rearing@2x.png in Resources */ = {isa = PBXBuildFile; fileRef = F869B47C1AB5540600666FA2 /* rearing@2x.png */; };
		F869B47F1AB5548D00666FA2 /* train@2x.png in Resources */ = {isa = PBXBuildFile; fileRef = F869B47E1AB5548D00666FA2 /* train@2x.png */; };
		F869B4811AB5550B00666FA2 /* character@2x.png in Resources */ = {isa = PBXBuildFile; fileRef = F869B4801AB5550B00666FA2 /* character@2x.png */; };
		F869B4831AB5557400666FA2 /* introduce@2x.png in Resources */ = {isa = PBXBuildFile; fileRef = F869B4821AB5557400666FA2 /* introduce@2x.png */; };
		F8727E0E1AB327D800E29E21 /* main.m in Sources */ = {isa = PBXBuildFile; fileRef = F8727E0D1AB327D800E29E21 /* main.m */; };
		F8727E191AB327D800E29E21 /* Images.xcassets in Resources */ = {isa = PBXBuildFile; fileRef = F8727E181AB327D800E29E21 /* Images.xcassets */; };
		F8727E281AB327D800E29E21 /* MACATests.m in Sources */ = {isa = PBXBuildFile; fileRef = F8727E271AB327D800E29E21 /* MACATests.m */; };
		F8727E391AB329B600E29E21 /* AppDelegate.m in Sources */ = {isa = PBXBuildFile; fileRef = F8727E381AB329B600E29E21 /* AppDelegate.m */; };
		F8727E421AB32A5100E29E21 /* Dock.m in Sources */ = {isa = PBXBuildFile; fileRef = F8727E3B1AB32A5100E29E21 /* Dock.m */; };
		F8727E431AB32A5100E29E21 /* DockItem.m in Sources */ = {isa = PBXBuildFile; fileRef = F8727E3D1AB32A5100E29E21 /* DockItem.m */; };
		F8727E441AB32A5100E29E21 /* DockViewController.m in Sources */ = {isa = PBXBuildFile; fileRef = F8727E3F1AB32A5100E29E21 /* DockViewController.m */; };
		F8727E451AB32A5100E29E21 /* MainViewController.m in Sources */ = {isa = PBXBuildFile; fileRef = F8727E411AB32A5100E29E21 /* MainViewController.m */; };
		F8727E4B1AB32B6400E29E21 /* NSString+WJ.m in Sources */ = {isa = PBXBuildFile; fileRef = F8727E481AB32B6400E29E21 /* NSString+WJ.m */; };
		F8727E4C1AB32B6400E29E21 /* UIButton+WJ.m in Sources */ = {isa = PBXBuildFile; fileRef = F8727E4A1AB32B6400E29E21 /* UIButton+WJ.m */; };
		F8727E4F1AB32D7800E29E21 /* Tools.m in Sources */ = {isa = PBXBuildFile; fileRef = F8727E4E1AB32D7800E29E21 /* Tools.m */; };
		F8727E521AB32F5D00E29E21 /* BaseViewController.m in Sources */ = {isa = PBXBuildFile; fileRef = F8727E511AB32F5D00E29E21 /* BaseViewController.m */; };
		F8727E561AB32F6C00E29E21 /* CloudMainViewController.m in Sources */ = {isa = PBXBuildFile; fileRef = F8727E541AB32F6C00E29E21 /* CloudMainViewController.m */; };
		F8727E571AB32F6C00E29E21 /* CloudMainViewController.xib in Resources */ = {isa = PBXBuildFile; fileRef = F8727E551AB32F6C00E29E21 /* CloudMainViewController.xib */; };
		F8727E5A1AB3303F00E29E21 /* WBNavigationController.m in Sources */ = {isa = PBXBuildFile; fileRef = F8727E591AB3303F00E29E21 /* WBNavigationController.m */; };
		F8727E5E1AB3352A00E29E21 /* BabyMainViewController.m in Sources */ = {isa = PBXBuildFile; fileRef = F8727E5C1AB3352A00E29E21 /* BabyMainViewController.m */; };
		F8727E5F1AB3352A00E29E21 /* BabyMainViewController.xib in Resources */ = {isa = PBXBuildFile; fileRef = F8727E5D1AB3352A00E29E21 /* BabyMainViewController.xib */; };
		F8727E631AB3354200E29E21 /* FindMainViewController.m in Sources */ = {isa = PBXBuildFile; fileRef = F8727E611AB3354200E29E21 /* FindMainViewController.m */; };
		F8727E641AB3354200E29E21 /* FindMainViewController.xib in Resources */ = {isa = PBXBuildFile; fileRef = F8727E621AB3354200E29E21 /* FindMainViewController.xib */; };
		F8727E681AB3355400E29E21 /* PersonMainViewController.m in Sources */ = {isa = PBXBuildFile; fileRef = F8727E661AB3355400E29E21 /* PersonMainViewController.m */; };
		F8727E691AB3355400E29E21 /* PersonMainViewController.xib in Resources */ = {isa = PBXBuildFile; fileRef = F8727E671AB3355400E29E21 /* PersonMainViewController.xib */; };
		F889AB1F1AB570070075A294 /* leftBack@2x.png in Resources */ = {isa = PBXBuildFile; fileRef = F889AB1E1AB570070075A294 /* leftBack@2x.png */; };
		F88F16A21AE3D7B800F11DC0 /* AFHTTPRequestOperation.m in Sources */ = {isa = PBXBuildFile; fileRef = F88F16901AE3D7B800F11DC0 /* AFHTTPRequestOperation.m */; };
		F88F16A31AE3D7B800F11DC0 /* AFHTTPRequestOperationManager.m in Sources */ = {isa = PBXBuildFile; fileRef = F88F16921AE3D7B800F11DC0 /* AFHTTPRequestOperationManager.m */; };
		F88F16A41AE3D7B800F11DC0 /* AFHTTPSessionManager.m in Sources */ = {isa = PBXBuildFile; fileRef = F88F16941AE3D7B800F11DC0 /* AFHTTPSessionManager.m */; };
		F88F16A51AE3D7B800F11DC0 /* AFNetworkReachabilityManager.m in Sources */ = {isa = PBXBuildFile; fileRef = F88F16971AE3D7B800F11DC0 /* AFNetworkReachabilityManager.m */; };
		F88F16A61AE3D7B800F11DC0 /* AFSecurityPolicy.m in Sources */ = {isa = PBXBuildFile; fileRef = F88F16991AE3D7B800F11DC0 /* AFSecurityPolicy.m */; };
		F88F16A71AE3D7B800F11DC0 /* AFURLConnectionOperation.m in Sources */ = {isa = PBXBuildFile; fileRef = F88F169B1AE3D7B800F11DC0 /* AFURLConnectionOperation.m */; };
		F88F16A81AE3D7B800F11DC0 /* AFURLRequestSerialization.m in Sources */ = {isa = PBXBuildFile; fileRef = F88F169D1AE3D7B800F11DC0 /* AFURLRequestSerialization.m */; };
		F88F16A91AE3D7B800F11DC0 /* AFURLResponseSerialization.m in Sources */ = {isa = PBXBuildFile; fileRef = F88F169F1AE3D7B800F11DC0 /* AFURLResponseSerialization.m */; };
		F88F16AA1AE3D7B800F11DC0 /* AFURLSessionManager.m in Sources */ = {isa = PBXBuildFile; fileRef = F88F16A11AE3D7B800F11DC0 /* AFURLSessionManager.m */; };
		F88F16AD1AE3D81600F11DC0 /* ServiceManage.m in Sources */ = {isa = PBXBuildFile; fileRef = F88F16AC1AE3D81600F11DC0 /* ServiceManage.m */; };
/* End PBXBuildFile section */

/* Begin PBXContainerItemProxy section */
		F8727E221AB327D800E29E21 /* PBXContainerItemProxy */ = {
			isa = PBXContainerItemProxy;
			containerPortal = F8727E001AB327D800E29E21 /* Project object */;
			proxyType = 1;
			remoteGlobalIDString = F8727E071AB327D800E29E21;
			remoteInfo = MACA;
		};
/* End PBXContainerItemProxy section */

/* Begin PBXFileReference section */
		2114AC151ADD4E7800C21648 /* baby@2x.png */ = {isa = PBXFileReference; lastKnownFileType = image.png; path = "baby@2x.png"; sourceTree = "<group>"; };
		2114AC171ADD509D00C21648 /* baby_selected@2x.png */ = {isa = PBXFileReference; lastKnownFileType = image.png; path = "baby_selected@2x.png"; sourceTree = "<group>"; };
		2114AC191ADD566E00C21648 /* AboutViewController.h */ = {isa = PBXFileReference; fileEncoding = 4; lastKnownFileType = sourcecode.c.h; path = AboutViewController.h; sourceTree = "<group>"; };
		2114AC1A1ADD566E00C21648 /* AboutViewController.m */ = {isa = PBXFileReference; fileEncoding = 4; lastKnownFileType = sourcecode.c.objc; path = AboutViewController.m; sourceTree = "<group>"; };
		2114AC1B1ADD566E00C21648 /* AboutViewController.xib */ = {isa = PBXFileReference; fileEncoding = 4; lastKnownFileType = file.xib; path = AboutViewController.xib; sourceTree = "<group>"; };
		211E0F191ADCF9AE008A55CD /* logo@2x.png */ = {isa = PBXFileReference; lastKnownFileType = image.png; path = "logo@2x.png"; sourceTree = "<group>"; };
		211E0F1D1ADCFAB3008A55CD /* personIcon@2x.png */ = {isa = PBXFileReference; lastKnownFileType = image.png; path = "personIcon@2x.png"; sourceTree = "<group>"; };
		211E0F1F1ADCFB97008A55CD /* localperson_selected@2x.png */ = {isa = PBXFileReference; lastKnownFileType = image.png; path = "localperson_selected@2x.png"; sourceTree = "<group>"; };
		211E0F201ADCFB97008A55CD /* localperson@2x.png */ = {isa = PBXFileReference; lastKnownFileType = image.png; path = "localperson@2x.png"; sourceTree = "<group>"; };
		211E0F271ADD0249008A55CD /* LoginViewController.xib */ = {isa = PBXFileReference; fileEncoding = 4; lastKnownFileType = file.xib; path = LoginViewController.xib; sourceTree = "<group>"; };
		211E0F291ADD0254008A55CD /* RegisterViewController.xib */ = {isa = PBXFileReference; fileEncoding = 4; lastKnownFileType = file.xib; path = RegisterViewController.xib; sourceTree = "<group>"; };
		2134FA9C1AD611EE008DE994 /* Person.plist */ = {isa = PBXFileReference; fileEncoding = 4; lastKnownFileType = text.plist.xml; path = Person.plist; sourceTree = "<group>"; };
		21574A441ADBFA0700C55CB7 /* icon_lock@2x.png */ = {isa = PBXFileReference; lastKnownFileType = image.png; path = "icon_lock@2x.png"; sourceTree = "<group>"; };
		21574A451ADBFA0700C55CB7 /* icon_phone@2x.png */ = {isa = PBXFileReference; lastKnownFileType = image.png; path = "icon_phone@2x.png"; sourceTree = "<group>"; };
		21574A7D1ADC012B00C55CB7 /* discover_selected@2x.png */ = {isa = PBXFileReference; lastKnownFileType = image.png; path = "discover_selected@2x.png"; sourceTree = "<group>"; };
		21574A7E1ADC012B00C55CB7 /* discover@2x.png */ = {isa = PBXFileReference; lastKnownFileType = image.png; path = "discover@2x.png"; sourceTree = "<group>"; };
		21574A7F1ADC012B00C55CB7 /* home_selected@2x.png */ = {isa = PBXFileReference; lastKnownFileType = image.png; path = "home_selected@2x.png"; sourceTree = "<group>"; };
		21574A801ADC012B00C55CB7 /* home@2x.png */ = {isa = PBXFileReference; lastKnownFileType = image.png; path = "home@2x.png"; sourceTree = "<group>"; };
		21610E0A1ADB4F5F004CB9F2 /* RegisterViewController.h */ = {isa = PBXFileReference; fileEncoding = 4; lastKnownFileType = sourcecode.c.h; path = RegisterViewController.h; sourceTree = "<group>"; };
		21610E0B1ADB4F5F004CB9F2 /* RegisterViewController.m */ = {isa = PBXFileReference; fileEncoding = 4; lastKnownFileType = sourcecode.c.objc; path = RegisterViewController.m; sourceTree = "<group>"; };
		21610E0F1ADB59F4004CB9F2 /* LoginViewController.h */ = {isa = PBXFileReference; fileEncoding = 4; lastKnownFileType = sourcecode.c.h; path = LoginViewController.h; sourceTree = "<group>"; };
		21610E101ADB59F4004CB9F2 /* LoginViewController.m */ = {isa = PBXFileReference; fileEncoding = 4; lastKnownFileType = sourcecode.c.objc; path = LoginViewController.m; sourceTree = "<group>"; };
		2176212E1AE6262C0089CFAD /* LookDoctorCell.h */ = {isa = PBXFileReference; fileEncoding = 4; lastKnownFileType = sourcecode.c.h; path = LookDoctorCell.h; sourceTree = "<group>"; };
		2176212F1AE6262C0089CFAD /* LookDoctorCell.m */ = {isa = PBXFileReference; fileEncoding = 4; lastKnownFileType = sourcecode.c.objc; path = LookDoctorCell.m; sourceTree = "<group>"; };
		217621311AE632110089CFAD /* DoctorIntroduce.plist */ = {isa = PBXFileReference; fileEncoding = 4; lastKnownFileType = text.plist.xml; path = DoctorIntroduce.plist; sourceTree = "<group>"; };
		217621331AE6428E0089CFAD /* DoctorData.h */ = {isa = PBXFileReference; fileEncoding = 4; lastKnownFileType = sourcecode.c.h; path = DoctorData.h; sourceTree = "<group>"; };
		217621341AE6428E0089CFAD /* DoctorData.m */ = {isa = PBXFileReference; fileEncoding = 4; lastKnownFileType = sourcecode.c.objc; path = DoctorData.m; sourceTree = "<group>"; };
		218F0FD11AE5371C00B5912E /* doctor_icon@2x.png */ = {isa = PBXFileReference; lastKnownFileType = image.png; path = "doctor_icon@2x.png"; sourceTree = "<group>"; };
		218F0FD31AE537BB00B5912E /* LookDoctorViewController.h */ = {isa = PBXFileReference; fileEncoding = 4; lastKnownFileType = sourcecode.c.h; path = LookDoctorViewController.h; sourceTree = "<group>"; };
		218F0FD41AE537BB00B5912E /* LookDoctorViewController.m */ = {isa = PBXFileReference; fileEncoding = 4; lastKnownFileType = sourcecode.c.objc; path = LookDoctorViewController.m; sourceTree = "<group>"; };
		218F0FD51AE537BB00B5912E /* LookDoctorViewController.xib */ = {isa = PBXFileReference; fileEncoding = 4; lastKnownFileType = file.xib; path = LookDoctorViewController.xib; sourceTree = "<group>"; };
		219161BD1AE5E875001A282B /* LookDoctorCell.xib */ = {isa = PBXFileReference; fileEncoding = 4; lastKnownFileType = file.xib; path = LookDoctorCell.xib; sourceTree = "<group>"; };
		219161C51AE5F9B9001A282B /* DoctorIntroduceViewController.h */ = {isa = PBXFileReference; fileEncoding = 4; lastKnownFileType = sourcecode.c.h; path = DoctorIntroduceViewController.h; sourceTree = "<group>"; };
		219161C61AE5F9B9001A282B /* DoctorIntroduceViewController.m */ = {isa = PBXFileReference; fileEncoding = 4; lastKnownFileType = sourcecode.c.objc; path = DoctorIntroduceViewController.m; sourceTree = "<group>"; };
		219161C71AE5F9B9001A282B /* DoctorIntroduceViewController.xib */ = {isa = PBXFileReference; fileEncoding = 4; lastKnownFileType = file.xib; path = DoctorIntroduceViewController.xib; sourceTree = "<group>"; };
		21ADCBDE1AE49BA1006E79AB /* WebViewController.h */ = {isa = PBXFileReference; fileEncoding = 4; lastKnownFileType = sourcecode.c.h; path = WebViewController.h; sourceTree = "<group>"; };
		21ADCBDF1AE49BA1006E79AB /* WebViewController.m */ = {isa = PBXFileReference; fileEncoding = 4; lastKnownFileType = sourcecode.c.objc; path = WebViewController.m; sourceTree = "<group>"; };
		21BAF1691ADCB824009147B5 /* ForgetViewController.h */ = {isa = PBXFileReference; fileEncoding = 4; lastKnownFileType = sourcecode.c.h; path = ForgetViewController.h; sourceTree = "<group>"; };
		21BAF16A1ADCB824009147B5 /* ForgetViewController.m */ = {isa = PBXFileReference; fileEncoding = 4; lastKnownFileType = sourcecode.c.objc; path = ForgetViewController.m; sourceTree = "<group>"; };
		21BAF16B1ADCB824009147B5 /* ForgetViewController.xib */ = {isa = PBXFileReference; fileEncoding = 4; lastKnownFileType = file.xib; path = ForgetViewController.xib; sourceTree = "<group>"; };
		21BAF16E1ADCBC55009147B5 /* ForgetViewController2.h */ = {isa = PBXFileReference; fileEncoding = 4; lastKnownFileType = sourcecode.c.h; path = ForgetViewController2.h; sourceTree = "<group>"; };
		21BAF16F1ADCBC55009147B5 /* ForgetViewController2.m */ = {isa = PBXFileReference; fileEncoding = 4; lastKnownFileType = sourcecode.c.objc; path = ForgetViewController2.m; sourceTree = "<group>"; };
		21BAF1701ADCBC55009147B5 /* ForgetViewController2.xib */ = {isa = PBXFileReference; fileEncoding = 4; lastKnownFileType = file.xib; path = ForgetViewController2.xib; sourceTree = "<group>"; };
		F83DB08B1AB5AAF800D78E80 /* ChoseBabyViewController.h */ = {isa = PBXFileReference; fileEncoding = 4; lastKnownFileType = sourcecode.c.h; path = ChoseBabyViewController.h; sourceTree = "<group>"; };
		F83DB08C1AB5AAF800D78E80 /* ChoseBabyViewController.m */ = {isa = PBXFileReference; fileEncoding = 4; lastKnownFileType = sourcecode.c.objc; path = ChoseBabyViewController.m; sourceTree = "<group>"; };
		F83DB08E1AB5AFFA00D78E80 /* AddBabyViewController.h */ = {isa = PBXFileReference; fileEncoding = 4; lastKnownFileType = sourcecode.c.h; path = AddBabyViewController.h; sourceTree = "<group>"; };
		F83DB08F1AB5AFFA00D78E80 /* AddBabyViewController.m */ = {isa = PBXFileReference; fileEncoding = 4; lastKnownFileType = sourcecode.c.objc; path = AddBabyViewController.m; sourceTree = "<group>"; };
		F83DB0961AB5DF3400D78E80 /* child@2x.png */ = {isa = PBXFileReference; lastKnownFileType = image.png; path = "child@2x.png"; sourceTree = "<group>"; };
		F83DB0981AB5E09A00D78E80 /* lookDoctor@2x.png */ = {isa = PBXFileReference; lastKnownFileType = image.png; path = "lookDoctor@2x.png"; sourceTree = "<group>"; };
		F83DB09A1AB5E1C100D78E80 /* top@2x.png */ = {isa = PBXFileReference; lastKnownFileType = image.png; path = "top@2x.png"; sourceTree = "<group>"; };
		F869B4741AB5332C00666FA2 /* hospital@2x.png */ = {isa = PBXFileReference; lastKnownFileType = image.png; path = "hospital@2x.png"; sourceTree = "<group>"; };
		F869B4761AB536BF00666FA2 /* search_rect@2x.gif */ = {isa = PBXFileReference; lastKnownFileType = image.gif; path = "search_rect@2x.gif"; sourceTree = "<group>"; };
		F869B4781AB552AA00666FA2 /* doctor@2x.png */ = {isa = PBXFileReference; lastKnownFileType = image.png; path = "doctor@2x.png"; sourceTree = "<group>"; };
		F869B47A1AB5536500666FA2 /* information@2x.png */ = {isa = PBXFileReference; lastKnownFileType = image.png; path = "information@2x.png"; sourceTree = "<group>"; };
		F869B47C1AB5540600666FA2 /* rearing@2x.png */ = {isa = PBXFileReference; lastKnownFileType = image.png; path = "rearing@2x.png"; sourceTree = "<group>"; };
		F869B47E1AB5548D00666FA2 /* train@2x.png */ = {isa = PBXFileReference; lastKnownFileType = image.png; path = "train@2x.png"; sourceTree = "<group>"; };
		F869B4801AB5550B00666FA2 /* character@2x.png */ = {isa = PBXFileReference; lastKnownFileType = image.png; path = "character@2x.png"; sourceTree = "<group>"; };
		F869B4821AB5557400666FA2 /* introduce@2x.png */ = {isa = PBXFileReference; lastKnownFileType = image.png; path = "introduce@2x.png"; sourceTree = "<group>"; };
		F8727E081AB327D800E29E21 /* MACA.app */ = {isa = PBXFileReference; explicitFileType = wrapper.application; includeInIndex = 0; path = MACA.app; sourceTree = BUILT_PRODUCTS_DIR; };
		F8727E0C1AB327D800E29E21 /* Info.plist */ = {isa = PBXFileReference; lastKnownFileType = text.plist.xml; path = Info.plist; sourceTree = "<group>"; };
		F8727E0D1AB327D800E29E21 /* main.m */ = {isa = PBXFileReference; lastKnownFileType = sourcecode.c.objc; path = main.m; sourceTree = "<group>"; };
		F8727E181AB327D800E29E21 /* Images.xcassets */ = {isa = PBXFileReference; lastKnownFileType = folder.assetcatalog; path = Images.xcassets; sourceTree = "<group>"; };
		F8727E211AB327D800E29E21 /* MACATests.xctest */ = {isa = PBXFileReference; explicitFileType = wrapper.cfbundle; includeInIndex = 0; path = MACATests.xctest; sourceTree = BUILT_PRODUCTS_DIR; };
		F8727E261AB327D800E29E21 /* Info.plist */ = {isa = PBXFileReference; lastKnownFileType = text.plist.xml; path = Info.plist; sourceTree = "<group>"; };
		F8727E271AB327D800E29E21 /* MACATests.m */ = {isa = PBXFileReference; lastKnownFileType = sourcecode.c.objc; path = MACATests.m; sourceTree = "<group>"; };
		F8727E371AB329B600E29E21 /* AppDelegate.h */ = {isa = PBXFileReference; fileEncoding = 4; lastKnownFileType = sourcecode.c.h; path = AppDelegate.h; sourceTree = "<group>"; };
		F8727E381AB329B600E29E21 /* AppDelegate.m */ = {isa = PBXFileReference; fileEncoding = 4; lastKnownFileType = sourcecode.c.objc; path = AppDelegate.m; sourceTree = "<group>"; };
		F8727E3A1AB32A5100E29E21 /* Dock.h */ = {isa = PBXFileReference; fileEncoding = 4; lastKnownFileType = sourcecode.c.h; path = Dock.h; sourceTree = "<group>"; };
		F8727E3B1AB32A5100E29E21 /* Dock.m */ = {isa = PBXFileReference; fileEncoding = 4; lastKnownFileType = sourcecode.c.objc; path = Dock.m; sourceTree = "<group>"; };
		F8727E3C1AB32A5100E29E21 /* DockItem.h */ = {isa = PBXFileReference; fileEncoding = 4; lastKnownFileType = sourcecode.c.h; path = DockItem.h; sourceTree = "<group>"; };
		F8727E3D1AB32A5100E29E21 /* DockItem.m */ = {isa = PBXFileReference; fileEncoding = 4; lastKnownFileType = sourcecode.c.objc; path = DockItem.m; sourceTree = "<group>"; };
		F8727E3E1AB32A5100E29E21 /* DockViewController.h */ = {isa = PBXFileReference; fileEncoding = 4; lastKnownFileType = sourcecode.c.h; path = DockViewController.h; sourceTree = "<group>"; };
		F8727E3F1AB32A5100E29E21 /* DockViewController.m */ = {isa = PBXFileReference; fileEncoding = 4; lastKnownFileType = sourcecode.c.objc; path = DockViewController.m; sourceTree = "<group>"; };
		F8727E401AB32A5100E29E21 /* MainViewController.h */ = {isa = PBXFileReference; fileEncoding = 4; lastKnownFileType = sourcecode.c.h; path = MainViewController.h; sourceTree = "<group>"; };
		F8727E411AB32A5100E29E21 /* MainViewController.m */ = {isa = PBXFileReference; fileEncoding = 4; lastKnownFileType = sourcecode.c.objc; path = MainViewController.m; sourceTree = "<group>"; };
		F8727E471AB32B6400E29E21 /* NSString+WJ.h */ = {isa = PBXFileReference; fileEncoding = 4; lastKnownFileType = sourcecode.c.h; path = "NSString+WJ.h"; sourceTree = "<group>"; };
		F8727E481AB32B6400E29E21 /* NSString+WJ.m */ = {isa = PBXFileReference; fileEncoding = 4; lastKnownFileType = sourcecode.c.objc; path = "NSString+WJ.m"; sourceTree = "<group>"; };
		F8727E491AB32B6400E29E21 /* UIButton+WJ.h */ = {isa = PBXFileReference; fileEncoding = 4; lastKnownFileType = sourcecode.c.h; path = "UIButton+WJ.h"; sourceTree = "<group>"; };
		F8727E4A1AB32B6400E29E21 /* UIButton+WJ.m */ = {isa = PBXFileReference; fileEncoding = 4; lastKnownFileType = sourcecode.c.objc; path = "UIButton+WJ.m"; sourceTree = "<group>"; };
		F8727E4D1AB32D7800E29E21 /* Tools.h */ = {isa = PBXFileReference; fileEncoding = 4; lastKnownFileType = sourcecode.c.h; path = Tools.h; sourceTree = "<group>"; };
		F8727E4E1AB32D7800E29E21 /* Tools.m */ = {isa = PBXFileReference; fileEncoding = 4; lastKnownFileType = sourcecode.c.objc; path = Tools.m; sourceTree = "<group>"; };
		F8727E501AB32F5D00E29E21 /* BaseViewController.h */ = {isa = PBXFileReference; fileEncoding = 4; lastKnownFileType = sourcecode.c.h; path = BaseViewController.h; sourceTree = "<group>"; };
		F8727E511AB32F5D00E29E21 /* BaseViewController.m */ = {isa = PBXFileReference; fileEncoding = 4; lastKnownFileType = sourcecode.c.objc; path = BaseViewController.m; sourceTree = "<group>"; };
		F8727E531AB32F6C00E29E21 /* CloudMainViewController.h */ = {isa = PBXFileReference; fileEncoding = 4; lastKnownFileType = sourcecode.c.h; path = CloudMainViewController.h; sourceTree = "<group>"; };
		F8727E541AB32F6C00E29E21 /* CloudMainViewController.m */ = {isa = PBXFileReference; fileEncoding = 4; lastKnownFileType = sourcecode.c.objc; path = CloudMainViewController.m; sourceTree = "<group>"; };
		F8727E551AB32F6C00E29E21 /* CloudMainViewController.xib */ = {isa = PBXFileReference; fileEncoding = 4; lastKnownFileType = file.xib; path = CloudMainViewController.xib; sourceTree = "<group>"; };
		F8727E581AB3303F00E29E21 /* WBNavigationController.h */ = {isa = PBXFileReference; fileEncoding = 4; lastKnownFileType = sourcecode.c.h; path = WBNavigationController.h; sourceTree = "<group>"; };
		F8727E591AB3303F00E29E21 /* WBNavigationController.m */ = {isa = PBXFileReference; fileEncoding = 4; lastKnownFileType = sourcecode.c.objc; path = WBNavigationController.m; sourceTree = "<group>"; };
		F8727E5B1AB3352A00E29E21 /* BabyMainViewController.h */ = {isa = PBXFileReference; fileEncoding = 4; lastKnownFileType = sourcecode.c.h; path = BabyMainViewController.h; sourceTree = "<group>"; };
		F8727E5C1AB3352A00E29E21 /* BabyMainViewController.m */ = {isa = PBXFileReference; fileEncoding = 4; lastKnownFileType = sourcecode.c.objc; path = BabyMainViewController.m; sourceTree = "<group>"; };
		F8727E5D1AB3352A00E29E21 /* BabyMainViewController.xib */ = {isa = PBXFileReference; fileEncoding = 4; lastKnownFileType = file.xib; path = BabyMainViewController.xib; sourceTree = "<group>"; };
		F8727E601AB3354200E29E21 /* FindMainViewController.h */ = {isa = PBXFileReference; fileEncoding = 4; lastKnownFileType = sourcecode.c.h; path = FindMainViewController.h; sourceTree = "<group>"; };
		F8727E611AB3354200E29E21 /* FindMainViewController.m */ = {isa = PBXFileReference; fileEncoding = 4; lastKnownFileType = sourcecode.c.objc; path = FindMainViewController.m; sourceTree = "<group>"; };
		F8727E621AB3354200E29E21 /* FindMainViewController.xib */ = {isa = PBXFileReference; fileEncoding = 4; lastKnownFileType = file.xib; path = FindMainViewController.xib; sourceTree = "<group>"; };
		F8727E651AB3355400E29E21 /* PersonMainViewController.h */ = {isa = PBXFileReference; fileEncoding = 4; lastKnownFileType = sourcecode.c.h; path = PersonMainViewController.h; sourceTree = "<group>"; };
		F8727E661AB3355400E29E21 /* PersonMainViewController.m */ = {isa = PBXFileReference; fileEncoding = 4; lastKnownFileType = sourcecode.c.objc; path = PersonMainViewController.m; sourceTree = "<group>"; };
		F8727E671AB3355400E29E21 /* PersonMainViewController.xib */ = {isa = PBXFileReference; fileEncoding = 4; lastKnownFileType = file.xib; path = PersonMainViewController.xib; sourceTree = "<group>"; };
		F889AB1E1AB570070075A294 /* leftBack@2x.png */ = {isa = PBXFileReference; lastKnownFileType = image.png; path = "leftBack@2x.png"; sourceTree = "<group>"; };
		F88F168F1AE3D7B800F11DC0 /* AFHTTPRequestOperation.h */ = {isa = PBXFileReference; fileEncoding = 4; lastKnownFileType = sourcecode.c.h; path = AFHTTPRequestOperation.h; sourceTree = "<group>"; };
		F88F16901AE3D7B800F11DC0 /* AFHTTPRequestOperation.m */ = {isa = PBXFileReference; fileEncoding = 4; lastKnownFileType = sourcecode.c.objc; path = AFHTTPRequestOperation.m; sourceTree = "<group>"; };
		F88F16911AE3D7B800F11DC0 /* AFHTTPRequestOperationManager.h */ = {isa = PBXFileReference; fileEncoding = 4; lastKnownFileType = sourcecode.c.h; path = AFHTTPRequestOperationManager.h; sourceTree = "<group>"; };
		F88F16921AE3D7B800F11DC0 /* AFHTTPRequestOperationManager.m */ = {isa = PBXFileReference; fileEncoding = 4; lastKnownFileType = sourcecode.c.objc; path = AFHTTPRequestOperationManager.m; sourceTree = "<group>"; };
		F88F16931AE3D7B800F11DC0 /* AFHTTPSessionManager.h */ = {isa = PBXFileReference; fileEncoding = 4; lastKnownFileType = sourcecode.c.h; path = AFHTTPSessionManager.h; sourceTree = "<group>"; };
		F88F16941AE3D7B800F11DC0 /* AFHTTPSessionManager.m */ = {isa = PBXFileReference; fileEncoding = 4; lastKnownFileType = sourcecode.c.objc; path = AFHTTPSessionManager.m; sourceTree = "<group>"; };
		F88F16951AE3D7B800F11DC0 /* AFNetworking.h */ = {isa = PBXFileReference; fileEncoding = 4; lastKnownFileType = sourcecode.c.h; path = AFNetworking.h; sourceTree = "<group>"; };
		F88F16961AE3D7B800F11DC0 /* AFNetworkReachabilityManager.h */ = {isa = PBXFileReference; fileEncoding = 4; lastKnownFileType = sourcecode.c.h; path = AFNetworkReachabilityManager.h; sourceTree = "<group>"; };
		F88F16971AE3D7B800F11DC0 /* AFNetworkReachabilityManager.m */ = {isa = PBXFileReference; fileEncoding = 4; lastKnownFileType = sourcecode.c.objc; path = AFNetworkReachabilityManager.m; sourceTree = "<group>"; };
		F88F16981AE3D7B800F11DC0 /* AFSecurityPolicy.h */ = {isa = PBXFileReference; fileEncoding = 4; lastKnownFileType = sourcecode.c.h; path = AFSecurityPolicy.h; sourceTree = "<group>"; };
		F88F16991AE3D7B800F11DC0 /* AFSecurityPolicy.m */ = {isa = PBXFileReference; fileEncoding = 4; lastKnownFileType = sourcecode.c.objc; path = AFSecurityPolicy.m; sourceTree = "<group>"; };
		F88F169A1AE3D7B800F11DC0 /* AFURLConnectionOperation.h */ = {isa = PBXFileReference; fileEncoding = 4; lastKnownFileType = sourcecode.c.h; path = AFURLConnectionOperation.h; sourceTree = "<group>"; };
		F88F169B1AE3D7B800F11DC0 /* AFURLConnectionOperation.m */ = {isa = PBXFileReference; fileEncoding = 4; lastKnownFileType = sourcecode.c.objc; path = AFURLConnectionOperation.m; sourceTree = "<group>"; };
		F88F169C1AE3D7B800F11DC0 /* AFURLRequestSerialization.h */ = {isa = PBXFileReference; fileEncoding = 4; lastKnownFileType = sourcecode.c.h; path = AFURLRequestSerialization.h; sourceTree = "<group>"; };
		F88F169D1AE3D7B800F11DC0 /* AFURLRequestSerialization.m */ = {isa = PBXFileReference; fileEncoding = 4; lastKnownFileType = sourcecode.c.objc; path = AFURLRequestSerialization.m; sourceTree = "<group>"; };
		F88F169E1AE3D7B800F11DC0 /* AFURLResponseSerialization.h */ = {isa = PBXFileReference; fileEncoding = 4; lastKnownFileType = sourcecode.c.h; path = AFURLResponseSerialization.h; sourceTree = "<group>"; };
		F88F169F1AE3D7B800F11DC0 /* AFURLResponseSerialization.m */ = {isa = PBXFileReference; fileEncoding = 4; lastKnownFileType = sourcecode.c.objc; path = AFURLResponseSerialization.m; sourceTree = "<group>"; };
		F88F16A01AE3D7B800F11DC0 /* AFURLSessionManager.h */ = {isa = PBXFileReference; fileEncoding = 4; lastKnownFileType = sourcecode.c.h; path = AFURLSessionManager.h; sourceTree = "<group>"; };
		F88F16A11AE3D7B800F11DC0 /* AFURLSessionManager.m */ = {isa = PBXFileReference; fileEncoding = 4; lastKnownFileType = sourcecode.c.objc; path = AFURLSessionManager.m; sourceTree = "<group>"; };
		F88F16AB1AE3D81600F11DC0 /* ServiceManage.h */ = {isa = PBXFileReference; fileEncoding = 4; lastKnownFileType = sourcecode.c.h; path = ServiceManage.h; sourceTree = "<group>"; };
		F88F16AC1AE3D81600F11DC0 /* ServiceManage.m */ = {isa = PBXFileReference; fileEncoding = 4; lastKnownFileType = sourcecode.c.objc; path = ServiceManage.m; sourceTree = "<group>"; };
		F8D44E2E1ADB61B6005E98BA /* PrefixHeader.pch */ = {isa = PBXFileReference; lastKnownFileType = sourcecode.c.h; name = PrefixHeader.pch; path = ../PrefixHeader.pch; sourceTree = "<group>"; };
/* End PBXFileReference section */

/* Begin PBXFrameworksBuildPhase section */
		F8727E051AB327D800E29E21 /* Frameworks */ = {
			isa = PBXFrameworksBuildPhase;
			buildActionMask = 2147483647;
			files = (
			);
			runOnlyForDeploymentPostprocessing = 0;
		};
		F8727E1E1AB327D800E29E21 /* Frameworks */ = {
			isa = PBXFrameworksBuildPhase;
			buildActionMask = 2147483647;
			files = (
			);
			runOnlyForDeploymentPostprocessing = 0;
		};
/* End PBXFrameworksBuildPhase section */

/* Begin PBXGroup section */
		211E0F181ADCF867008A55CD /* RegisterAndLogin */ = {
			isa = PBXGroup;
			children = (
				21610E0A1ADB4F5F004CB9F2 /* RegisterViewController.h */,
				21610E0B1ADB4F5F004CB9F2 /* RegisterViewController.m */,
				211E0F291ADD0254008A55CD /* RegisterViewController.xib */,
				21610E0F1ADB59F4004CB9F2 /* LoginViewController.h */,
				21610E101ADB59F4004CB9F2 /* LoginViewController.m */,
				211E0F271ADD0249008A55CD /* LoginViewController.xib */,
				21BAF1691ADCB824009147B5 /* ForgetViewController.h */,
				21BAF16A1ADCB824009147B5 /* ForgetViewController.m */,
				21BAF16B1ADCB824009147B5 /* ForgetViewController.xib */,
				21BAF16E1ADCBC55009147B5 /* ForgetViewController2.h */,
				21BAF16F1ADCBC55009147B5 /* ForgetViewController2.m */,
				21BAF1701ADCBC55009147B5 /* ForgetViewController2.xib */,
			);
			name = RegisterAndLogin;
			sourceTree = "<group>";
		};
		21574A481ADBFDCE00C55CB7 /* Dock */ = {
			isa = PBXGroup;
			children = (
				2114AC171ADD509D00C21648 /* baby_selected@2x.png */,
				2114AC151ADD4E7800C21648 /* baby@2x.png */,
				211E0F1F1ADCFB97008A55CD /* localperson_selected@2x.png */,
				211E0F201ADCFB97008A55CD /* localperson@2x.png */,
				21574A7D1ADC012B00C55CB7 /* discover_selected@2x.png */,
				21574A7E1ADC012B00C55CB7 /* discover@2x.png */,
				21574A7F1ADC012B00C55CB7 /* home_selected@2x.png */,
				21574A801ADC012B00C55CB7 /* home@2x.png */,
			);
			path = Dock;
			sourceTree = "<group>";
		};
		217621361AE644420089CFAD /* DoctorInformation */ = {
			isa = PBXGroup;
			children = (
				217621331AE6428E0089CFAD /* DoctorData.h */,
				217621341AE6428E0089CFAD /* DoctorData.m */,
			);
			name = DoctorInformation;
			sourceTree = "<group>";
		};
		F869B46E1AB5331500666FA2 /* Resource */ = {
			isa = PBXGroup;
			children = (
				217621311AE632110089CFAD /* DoctorIntroduce.plist */,
				21574A481ADBFDCE00C55CB7 /* Dock */,
				F869B46F1AB5331500666FA2 /* Baby */,
				F869B4701AB5331500666FA2 /* Cloud */,
				F869B4711AB5331500666FA2 /* Other */,
				F869B4721AB5331500666FA2 /* Person */,
				F869B4731AB5331500666FA2 /* 发现 */,
			);
			path = Resource;
			sourceTree = "<group>";
		};
		F869B46F1AB5331500666FA2 /* Baby */ = {
			isa = PBXGroup;
			children = (
			);
			path = Baby;
			sourceTree = "<group>";
		};
		F869B4701AB5331500666FA2 /* Cloud */ = {
			isa = PBXGroup;
			children = (
				218F0FD11AE5371C00B5912E /* doctor_icon@2x.png */,
				F83DB09A1AB5E1C100D78E80 /* top@2x.png */,
				F83DB0981AB5E09A00D78E80 /* lookDoctor@2x.png */,
				F83DB0961AB5DF3400D78E80 /* child@2x.png */,
				F869B4821AB5557400666FA2 /* introduce@2x.png */,
				F869B4801AB5550B00666FA2 /* character@2x.png */,
				F869B47E1AB5548D00666FA2 /* train@2x.png */,
				F869B47C1AB5540600666FA2 /* rearing@2x.png */,
				F869B47A1AB5536500666FA2 /* information@2x.png */,
				F869B4781AB552AA00666FA2 /* doctor@2x.png */,
				F869B4761AB536BF00666FA2 /* search_rect@2x.gif */,
				F869B4741AB5332C00666FA2 /* hospital@2x.png */,
			);
			path = Cloud;
			sourceTree = "<group>";
		};
		F869B4711AB5331500666FA2 /* Other */ = {
			isa = PBXGroup;
			children = (
				F889AB1E1AB570070075A294 /* leftBack@2x.png */,
			);
			path = Other;
			sourceTree = "<group>";
		};
		F869B4721AB5331500666FA2 /* Person */ = {
			isa = PBXGroup;
			children = (
				211E0F1D1ADCFAB3008A55CD /* personIcon@2x.png */,
				211E0F191ADCF9AE008A55CD /* logo@2x.png */,
				21574A441ADBFA0700C55CB7 /* icon_lock@2x.png */,
				21574A451ADBFA0700C55CB7 /* icon_phone@2x.png */,
				2134FA9C1AD611EE008DE994 /* Person.plist */,
			);
			path = Person;
			sourceTree = "<group>";
		};
		F869B4731AB5331500666FA2 /* 发现 */ = {
			isa = PBXGroup;
			children = (
			);
			path = "发现";
			sourceTree = "<group>";
		};
		F8727DFF1AB327D800E29E21 = {
			isa = PBXGroup;
			children = (
				F8727E0A1AB327D800E29E21 /* MACA */,
				F8727E241AB327D800E29E21 /* MACATests */,
				F8727E091AB327D800E29E21 /* Products */,
			);
			sourceTree = "<group>";
		};
		F8727E091AB327D800E29E21 /* Products */ = {
			isa = PBXGroup;
			children = (
				F8727E081AB327D800E29E21 /* MACA.app */,
				F8727E211AB327D800E29E21 /* MACATests.xctest */,
			);
			name = Products;
			sourceTree = "<group>";
		};
		F8727E0A1AB327D800E29E21 /* MACA */ = {
			isa = PBXGroup;
			children = (
				F88F168E1AE3D7B800F11DC0 /* AFNetworking */,
				F8727E461AB32B6400E29E21 /* Category */,
				F8727E361AB3299200E29E21 /* Other */,
				F8727E311AB3296E00E29E21 /* Baby */,
				F8727E321AB3296E00E29E21 /* Cloud */,
				F8727E331AB3296E00E29E21 /* Find */,
				F8727E351AB3296E00E29E21 /* Person */,
				F8727E341AB3296E00E29E21 /* Main */,
				F8727E181AB327D800E29E21 /* Images.xcassets */,
				F8727E0B1AB327D800E29E21 /* Supporting Files */,
			);
			path = MACA;
			sourceTree = "<group>";
		};
		F8727E0B1AB327D800E29E21 /* Supporting Files */ = {
			isa = PBXGroup;
			children = (
				F8D44E2E1ADB61B6005E98BA /* PrefixHeader.pch */,
				F8727E0C1AB327D800E29E21 /* Info.plist */,
				F8727E0D1AB327D800E29E21 /* main.m */,
				F869B46E1AB5331500666FA2 /* Resource */,
			);
			name = "Supporting Files";
			sourceTree = "<group>";
		};
		F8727E241AB327D800E29E21 /* MACATests */ = {
			isa = PBXGroup;
			children = (
				F8727E271AB327D800E29E21 /* MACATests.m */,
				F8727E251AB327D800E29E21 /* Supporting Files */,
			);
			path = MACATests;
			sourceTree = "<group>";
		};
		F8727E251AB327D800E29E21 /* Supporting Files */ = {
			isa = PBXGroup;
			children = (
				F8727E261AB327D800E29E21 /* Info.plist */,
			);
			name = "Supporting Files";
			sourceTree = "<group>";
		};
		F8727E311AB3296E00E29E21 /* Baby */ = {
			isa = PBXGroup;
			children = (
				F8727E5B1AB3352A00E29E21 /* BabyMainViewController.h */,
				F8727E5C1AB3352A00E29E21 /* BabyMainViewController.m */,
				F8727E5D1AB3352A00E29E21 /* BabyMainViewController.xib */,
				F83DB08B1AB5AAF800D78E80 /* ChoseBabyViewController.h */,
				F83DB08C1AB5AAF800D78E80 /* ChoseBabyViewController.m */,
				F83DB08E1AB5AFFA00D78E80 /* AddBabyViewController.h */,
				F83DB08F1AB5AFFA00D78E80 /* AddBabyViewController.m */,
			);
			path = Baby;
			sourceTree = "<group>";
		};
		F8727E321AB3296E00E29E21 /* Cloud */ = {
			isa = PBXGroup;
			children = (
				F8727E531AB32F6C00E29E21 /* CloudMainViewController.h */,
				F8727E541AB32F6C00E29E21 /* CloudMainViewController.m */,
				F8727E551AB32F6C00E29E21 /* CloudMainViewController.xib */,
				21ADCBDE1AE49BA1006E79AB /* WebViewController.h */,
				21ADCBDF1AE49BA1006E79AB /* WebViewController.m */,
				218F0FD31AE537BB00B5912E /* LookDoctorViewController.h */,
				218F0FD41AE537BB00B5912E /* LookDoctorViewController.m */,
				218F0FD51AE537BB00B5912E /* LookDoctorViewController.xib */,
				219161C51AE5F9B9001A282B /* DoctorIntroduceViewController.h */,
				219161C61AE5F9B9001A282B /* DoctorIntroduceViewController.m */,
				219161C71AE5F9B9001A282B /* DoctorIntroduceViewController.xib */,
				2176212E1AE6262C0089CFAD /* LookDoctorCell.h */,
				2176212F1AE6262C0089CFAD /* LookDoctorCell.m */,
				219161BD1AE5E875001A282B /* LookDoctorCell.xib */,
				217621361AE644420089CFAD /* DoctorInformation */,
			);
			path = Cloud;
			sourceTree = "<group>";
		};
		F8727E331AB3296E00E29E21 /* Find */ = {
			isa = PBXGroup;
			children = (
				F8727E601AB3354200E29E21 /* FindMainViewController.h */,
				F8727E611AB3354200E29E21 /* FindMainViewController.m */,
				F8727E621AB3354200E29E21 /* FindMainViewController.xib */,
			);
			path = Find;
			sourceTree = "<group>";
		};
		F8727E341AB3296E00E29E21 /* Main */ = {
			isa = PBXGroup;
			children = (
				F8727E3A1AB32A5100E29E21 /* Dock.h */,
				F8727E3B1AB32A5100E29E21 /* Dock.m */,
				F8727E3C1AB32A5100E29E21 /* DockItem.h */,
				F8727E3D1AB32A5100E29E21 /* DockItem.m */,
				F8727E3E1AB32A5100E29E21 /* DockViewController.h */,
				F8727E3F1AB32A5100E29E21 /* DockViewController.m */,
				F8727E401AB32A5100E29E21 /* MainViewController.h */,
				F8727E411AB32A5100E29E21 /* MainViewController.m */,
			);
			path = Main;
			sourceTree = "<group>";
		};
		F8727E351AB3296E00E29E21 /* Person */ = {
			isa = PBXGroup;
			children = (
				2114AC191ADD566E00C21648 /* AboutViewController.h */,
				2114AC1A1ADD566E00C21648 /* AboutViewController.m */,
				2114AC1B1ADD566E00C21648 /* AboutViewController.xib */,
				F8727E651AB3355400E29E21 /* PersonMainViewController.h */,
				F8727E661AB3355400E29E21 /* PersonMainViewController.m */,
				F8727E671AB3355400E29E21 /* PersonMainViewController.xib */,
				211E0F181ADCF867008A55CD /* RegisterAndLogin */,
			);
			path = Person;
			sourceTree = "<group>";
		};
		F8727E361AB3299200E29E21 /* Other */ = {
			isa = PBXGroup;
			children = (
				F88F16AB1AE3D81600F11DC0 /* ServiceManage.h */,
				F88F16AC1AE3D81600F11DC0 /* ServiceManage.m */,
				F8727E371AB329B600E29E21 /* AppDelegate.h */,
				F8727E381AB329B600E29E21 /* AppDelegate.m */,
				F8727E501AB32F5D00E29E21 /* BaseViewController.h */,
				F8727E511AB32F5D00E29E21 /* BaseViewController.m */,
				F8727E581AB3303F00E29E21 /* WBNavigationController.h */,
				F8727E591AB3303F00E29E21 /* WBNavigationController.m */,
				F8727E4D1AB32D7800E29E21 /* Tools.h */,
				F8727E4E1AB32D7800E29E21 /* Tools.m */,
			);
			path = Other;
			sourceTree = "<group>";
		};
		F8727E461AB32B6400E29E21 /* Category */ = {
			isa = PBXGroup;
			children = (
				F8727E471AB32B6400E29E21 /* NSString+WJ.h */,
				F8727E481AB32B6400E29E21 /* NSString+WJ.m */,
				F8727E491AB32B6400E29E21 /* UIButton+WJ.h */,
				F8727E4A1AB32B6400E29E21 /* UIButton+WJ.m */,
			);
			path = Category;
			sourceTree = "<group>";
		};
		F88F168E1AE3D7B800F11DC0 /* AFNetworking */ = {
			isa = PBXGroup;
			children = (
				F88F168F1AE3D7B800F11DC0 /* AFHTTPRequestOperation.h */,
				F88F16901AE3D7B800F11DC0 /* AFHTTPRequestOperation.m */,
				F88F16911AE3D7B800F11DC0 /* AFHTTPRequestOperationManager.h */,
				F88F16921AE3D7B800F11DC0 /* AFHTTPRequestOperationManager.m */,
				F88F16931AE3D7B800F11DC0 /* AFHTTPSessionManager.h */,
				F88F16941AE3D7B800F11DC0 /* AFHTTPSessionManager.m */,
				F88F16951AE3D7B800F11DC0 /* AFNetworking.h */,
				F88F16961AE3D7B800F11DC0 /* AFNetworkReachabilityManager.h */,
				F88F16971AE3D7B800F11DC0 /* AFNetworkReachabilityManager.m */,
				F88F16981AE3D7B800F11DC0 /* AFSecurityPolicy.h */,
				F88F16991AE3D7B800F11DC0 /* AFSecurityPolicy.m */,
				F88F169A1AE3D7B800F11DC0 /* AFURLConnectionOperation.h */,
				F88F169B1AE3D7B800F11DC0 /* AFURLConnectionOperation.m */,
				F88F169C1AE3D7B800F11DC0 /* AFURLRequestSerialization.h */,
				F88F169D1AE3D7B800F11DC0 /* AFURLRequestSerialization.m */,
				F88F169E1AE3D7B800F11DC0 /* AFURLResponseSerialization.h */,
				F88F169F1AE3D7B800F11DC0 /* AFURLResponseSerialization.m */,
				F88F16A01AE3D7B800F11DC0 /* AFURLSessionManager.h */,
				F88F16A11AE3D7B800F11DC0 /* AFURLSessionManager.m */,
			);
			path = AFNetworking;
			sourceTree = "<group>";
		};
/* End PBXGroup section */

/* Begin PBXNativeTarget section */
		F8727E071AB327D800E29E21 /* MACA */ = {
			isa = PBXNativeTarget;
			buildConfigurationList = F8727E2B1AB327D800E29E21 /* Build configuration list for PBXNativeTarget "MACA" */;
			buildPhases = (
				F8727E041AB327D800E29E21 /* Sources */,
				F8727E051AB327D800E29E21 /* Frameworks */,
				F8727E061AB327D800E29E21 /* Resources */,
			);
			buildRules = (
			);
			dependencies = (
			);
			name = MACA;
			productName = MACA;
			productReference = F8727E081AB327D800E29E21 /* MACA.app */;
			productType = "com.apple.product-type.application";
		};
		F8727E201AB327D800E29E21 /* MACATests */ = {
			isa = PBXNativeTarget;
			buildConfigurationList = F8727E2E1AB327D800E29E21 /* Build configuration list for PBXNativeTarget "MACATests" */;
			buildPhases = (
				F8727E1D1AB327D800E29E21 /* Sources */,
				F8727E1E1AB327D800E29E21 /* Frameworks */,
				F8727E1F1AB327D800E29E21 /* Resources */,
			);
			buildRules = (
			);
			dependencies = (
				F8727E231AB327D800E29E21 /* PBXTargetDependency */,
			);
			name = MACATests;
			productName = MACATests;
			productReference = F8727E211AB327D800E29E21 /* MACATests.xctest */;
			productType = "com.apple.product-type.bundle.unit-test";
		};
/* End PBXNativeTarget section */

/* Begin PBXProject section */
		F8727E001AB327D800E29E21 /* Project object */ = {
			isa = PBXProject;
			attributes = {
				LastUpgradeCheck = 0610;
				ORGANIZATIONNAME = yangwenjun;
				TargetAttributes = {
					F8727E071AB327D800E29E21 = {
						CreatedOnToolsVersion = 6.1.1;
					};
					F8727E201AB327D800E29E21 = {
						CreatedOnToolsVersion = 6.1.1;
						TestTargetID = F8727E071AB327D800E29E21;
					};
				};
			};
			buildConfigurationList = F8727E031AB327D800E29E21 /* Build configuration list for PBXProject "MACA" */;
			compatibilityVersion = "Xcode 3.2";
			developmentRegion = English;
			hasScannedForEncodings = 0;
			knownRegions = (
				en,
				Base,
			);
			mainGroup = F8727DFF1AB327D800E29E21;
			productRefGroup = F8727E091AB327D800E29E21 /* Products */;
			projectDirPath = "";
			projectRoot = "";
			targets = (
				F8727E071AB327D800E29E21 /* MACA */,
				F8727E201AB327D800E29E21 /* MACATests */,
			);
		};
/* End PBXProject section */

/* Begin PBXResourcesBuildPhase section */
		F8727E061AB327D800E29E21 /* Resources */ = {
			isa = PBXResourcesBuildPhase;
			buildActionMask = 2147483647;
			files = (
				211E0F281ADD0249008A55CD /* LoginViewController.xib in Resources */,
				F83DB09B1AB5E1C100D78E80 /* top@2x.png in Resources */,
				F869B4831AB5557400666FA2 /* introduce@2x.png in Resources */,
				211E0F211ADCFB97008A55CD /* localperson_selected@2x.png in Resources */,
				F8727E691AB3355400E29E21 /* PersonMainViewController.xib in Resources */,
				2114AC161ADD4E7800C21648 /* baby@2x.png in Resources */,
				21574A831ADC012B00C55CB7 /* discover_selected@2x.png in Resources */,
				F869B47D1AB5540600666FA2 /* rearing@2x.png in Resources */,
				211E0F221ADCFB97008A55CD /* localperson@2x.png in Resources */,
				21BAF1721ADCBC55009147B5 /* ForgetViewController2.xib in Resources */,
				21574A841ADC012B00C55CB7 /* discover@2x.png in Resources */,
				211E0F2A1ADD0254008A55CD /* RegisterViewController.xib in Resources */,
				F869B4811AB5550B00666FA2 /* character@2x.png in Resources */,
				219161BE1AE5E875001A282B /* LookDoctorCell.xib in Resources */,
				218F0FD71AE537BB00B5912E /* LookDoctorViewController.xib in Resources */,
				F889AB1F1AB570070075A294 /* leftBack@2x.png in Resources */,
				F869B4791AB552AA00666FA2 /* doctor@2x.png in Resources */,
				21574A471ADBFA0700C55CB7 /* icon_phone@2x.png in Resources */,
				F8727E5F1AB3352A00E29E21 /* BabyMainViewController.xib in Resources */,
				2134FA9D1AD611EE008DE994 /* Person.plist in Resources */,
				F869B4771AB536BF00666FA2 /* search_rect@2x.gif in Resources */,
				F8727E191AB327D800E29E21 /* Images.xcassets in Resources */,
				F869B47F1AB5548D00666FA2 /* train@2x.png in Resources */,
				F869B4751AB5332C00666FA2 /* hospital@2x.png in Resources */,
				219161C91AE5F9B9001A282B /* DoctorIntroduceViewController.xib in Resources */,
				218F0FD21AE5371C00B5912E /* doctor_icon@2x.png in Resources */,
				2114AC181ADD509D00C21648 /* baby_selected@2x.png in Resources */,
				21574A461ADBFA0700C55CB7 /* icon_lock@2x.png in Resources */,
				F83DB0991AB5E09A00D78E80 /* lookDoctor@2x.png in Resources */,
				F869B47B1AB5536500666FA2 /* information@2x.png in Resources */,
				F83DB0971AB5DF3400D78E80 /* child@2x.png in Resources */,
				217621321AE632110089CFAD /* DoctorIntroduce.plist in Resources */,
				211E0F1A1ADCF9AE008A55CD /* logo@2x.png in Resources */,
				21BAF16D1ADCB824009147B5 /* ForgetViewController.xib in Resources */,
				F8727E641AB3354200E29E21 /* FindMainViewController.xib in Resources */,
				21574A851ADC012B00C55CB7 /* home_selected@2x.png in Resources */,
				F8727E571AB32F6C00E29E21 /* CloudMainViewController.xib in Resources */,
				211E0F1E1ADCFAB3008A55CD /* personIcon@2x.png in Resources */,
				2114AC1D1ADD566E00C21648 /* AboutViewController.xib in Resources */,
				21574A861ADC012B00C55CB7 /* home@2x.png in Resources */,
			);
			runOnlyForDeploymentPostprocessing = 0;
		};
		F8727E1F1AB327D800E29E21 /* Resources */ = {
			isa = PBXResourcesBuildPhase;
			buildActionMask = 2147483647;
			files = (
			);
			runOnlyForDeploymentPostprocessing = 0;
		};
/* End PBXResourcesBuildPhase section */

/* Begin PBXSourcesBuildPhase section */
		F8727E041AB327D800E29E21 /* Sources */ = {
			isa = PBXSourcesBuildPhase;
			buildActionMask = 2147483647;
			files = (
				F88F16A71AE3D7B800F11DC0 /* AFURLConnectionOperation.m in Sources */,
				F8727E5A1AB3303F00E29E21 /* WBNavigationController.m in Sources */,
				F8727E5E1AB3352A00E29E21 /* BabyMainViewController.m in Sources */,
				F88F16A21AE3D7B800F11DC0 /* AFHTTPRequestOperation.m in Sources */,
				F88F16AD1AE3D81600F11DC0 /* ServiceManage.m in Sources */,
				F88F16A91AE3D7B800F11DC0 /* AFURLResponseSerialization.m in Sources */,
				F8727E421AB32A5100E29E21 /* Dock.m in Sources */,
				21610E0D1ADB4F5F004CB9F2 /* RegisterViewController.m in Sources */,
				F8727E521AB32F5D00E29E21 /* BaseViewController.m in Sources */,
				F83DB0901AB5AFFA00D78E80 /* AddBabyViewController.m in Sources */,
				F8727E631AB3354200E29E21 /* FindMainViewController.m in Sources */,
				F8727E681AB3355400E29E21 /* PersonMainViewController.m in Sources */,
				F8727E451AB32A5100E29E21 /* MainViewController.m in Sources */,
				21ADCBE11AE49BA1006E79AB /* WebViewController.m in Sources */,
				F88F16A61AE3D7B800F11DC0 /* AFSecurityPolicy.m in Sources */,
				F88F16AA1AE3D7B800F11DC0 /* AFURLSessionManager.m in Sources */,
				F8727E441AB32A5100E29E21 /* DockViewController.m in Sources */,
				21610E121ADB59F4004CB9F2 /* LoginViewController.m in Sources */,
				218F0FD61AE537BB00B5912E /* LookDoctorViewController.m in Sources */,
				F88F16A41AE3D7B800F11DC0 /* AFHTTPSessionManager.m in Sources */,
				F8727E4F1AB32D7800E29E21 /* Tools.m in Sources */,
				F88F16A51AE3D7B800F11DC0 /* AFNetworkReachabilityManager.m in Sources */,
				F8727E431AB32A5100E29E21 /* DockItem.m in Sources */,
				217621301AE6262C0089CFAD /* LookDoctorCell.m in Sources */,
				217621351AE6428E0089CFAD /* DoctorData.m in Sources */,
				F88F16A31AE3D7B800F11DC0 /* AFHTTPRequestOperationManager.m in Sources */,
				F88F16A81AE3D7B800F11DC0 /* AFURLRequestSerialization.m in Sources */,
				F8727E4B1AB32B6400E29E21 /* NSString+WJ.m in Sources */,
				219161C81AE5F9B9001A282B /* DoctorIntroduceViewController.m in Sources */,
				F8727E0E1AB327D800E29E21 /* main.m in Sources */,
				21BAF1711ADCBC55009147B5 /* ForgetViewController2.m in Sources */,
				F83DB08D1AB5AAF800D78E80 /* ChoseBabyViewController.m in Sources */,
				F8727E4C1AB32B6400E29E21 /* UIButton+WJ.m in Sources */,
				F8727E561AB32F6C00E29E21 /* CloudMainViewController.m in Sources */,
				21BAF16C1ADCB824009147B5 /* ForgetViewController.m in Sources */,
				F8727E391AB329B600E29E21 /* AppDelegate.m in Sources */,
				2114AC1C1ADD566E00C21648 /* AboutViewController.m in Sources */,
			);
			runOnlyForDeploymentPostprocessing = 0;
		};
		F8727E1D1AB327D800E29E21 /* Sources */ = {
			isa = PBXSourcesBuildPhase;
			buildActionMask = 2147483647;
			files = (
				F8727E281AB327D800E29E21 /* MACATests.m in Sources */,
			);
			runOnlyForDeploymentPostprocessing = 0;
		};
/* End PBXSourcesBuildPhase section */

/* Begin PBXTargetDependency section */
		F8727E231AB327D800E29E21 /* PBXTargetDependency */ = {
			isa = PBXTargetDependency;
			target = F8727E071AB327D800E29E21 /* MACA */;
			targetProxy = F8727E221AB327D800E29E21 /* PBXContainerItemProxy */;
		};
/* End PBXTargetDependency section */

/* Begin XCBuildConfiguration section */
		F8727E291AB327D800E29E21 /* Debug */ = {
			isa = XCBuildConfiguration;
			buildSettings = {
				ALWAYS_SEARCH_USER_PATHS = NO;
				CLANG_CXX_LANGUAGE_STANDARD = "gnu++0x";
				CLANG_CXX_LIBRARY = "libc++";
				CLANG_ENABLE_MODULES = YES;
				CLANG_ENABLE_OBJC_ARC = YES;
				CLANG_WARN_BOOL_CONVERSION = YES;
				CLANG_WARN_CONSTANT_CONVERSION = YES;
				CLANG_WARN_DIRECT_OBJC_ISA_USAGE = YES_ERROR;
				CLANG_WARN_EMPTY_BODY = YES;
				CLANG_WARN_ENUM_CONVERSION = YES;
				CLANG_WARN_INT_CONVERSION = YES;
				CLANG_WARN_OBJC_ROOT_CLASS = YES_ERROR;
				CLANG_WARN_UNREACHABLE_CODE = YES;
				CLANG_WARN__DUPLICATE_METHOD_MATCH = YES;
				"CODE_SIGN_IDENTITY[sdk=iphoneos*]" = "iPhone Developer";
				COPY_PHASE_STRIP = NO;
				ENABLE_STRICT_OBJC_MSGSEND = YES;
				GCC_C_LANGUAGE_STANDARD = gnu99;
				GCC_DYNAMIC_NO_PIC = NO;
				GCC_OPTIMIZATION_LEVEL = 0;
				GCC_PREPROCESSOR_DEFINITIONS = (
					"DEBUG=1",
					"$(inherited)",
				);
				GCC_SYMBOLS_PRIVATE_EXTERN = NO;
				GCC_WARN_64_TO_32_BIT_CONVERSION = YES;
				GCC_WARN_ABOUT_RETURN_TYPE = YES_ERROR;
				GCC_WARN_UNDECLARED_SELECTOR = YES;
				GCC_WARN_UNINITIALIZED_AUTOS = YES_AGGRESSIVE;
				GCC_WARN_UNUSED_FUNCTION = YES;
				GCC_WARN_UNUSED_VARIABLE = YES;
				IPHONEOS_DEPLOYMENT_TARGET = 7.1;
				MTL_ENABLE_DEBUG_INFO = YES;
				ONLY_ACTIVE_ARCH = YES;
				SDKROOT = iphoneos;
			};
			name = Debug;
		};
		F8727E2A1AB327D800E29E21 /* Release */ = {
			isa = XCBuildConfiguration;
			buildSettings = {
				ALWAYS_SEARCH_USER_PATHS = NO;
				CLANG_CXX_LANGUAGE_STANDARD = "gnu++0x";
				CLANG_CXX_LIBRARY = "libc++";
				CLANG_ENABLE_MODULES = YES;
				CLANG_ENABLE_OBJC_ARC = YES;
				CLANG_WARN_BOOL_CONVERSION = YES;
				CLANG_WARN_CONSTANT_CONVERSION = YES;
				CLANG_WARN_DIRECT_OBJC_ISA_USAGE = YES_ERROR;
				CLANG_WARN_EMPTY_BODY = YES;
				CLANG_WARN_ENUM_CONVERSION = YES;
				CLANG_WARN_INT_CONVERSION = YES;
				CLANG_WARN_OBJC_ROOT_CLASS = YES_ERROR;
				CLANG_WARN_UNREACHABLE_CODE = YES;
				CLANG_WARN__DUPLICATE_METHOD_MATCH = YES;
				"CODE_SIGN_IDENTITY[sdk=iphoneos*]" = "iPhone Developer";
				COPY_PHASE_STRIP = YES;
				ENABLE_NS_ASSERTIONS = NO;
				ENABLE_STRICT_OBJC_MSGSEND = YES;
				GCC_C_LANGUAGE_STANDARD = gnu99;
				GCC_WARN_64_TO_32_BIT_CONVERSION = YES;
				GCC_WARN_ABOUT_RETURN_TYPE = YES_ERROR;
				GCC_WARN_UNDECLARED_SELECTOR = YES;
				GCC_WARN_UNINITIALIZED_AUTOS = YES_AGGRESSIVE;
				GCC_WARN_UNUSED_FUNCTION = YES;
				GCC_WARN_UNUSED_VARIABLE = YES;
				IPHONEOS_DEPLOYMENT_TARGET = 7.1;
				MTL_ENABLE_DEBUG_INFO = NO;
				SDKROOT = iphoneos;
				VALIDATE_PRODUCT = YES;
			};
			name = Release;
		};
		F8727E2C1AB327D800E29E21 /* Debug */ = {
			isa = XCBuildConfiguration;
			buildSettings = {
				ASSETCATALOG_COMPILER_APPICON_NAME = AppIcon;
				ASSETCATALOG_COMPILER_LAUNCHIMAGE_NAME = LaunchImage;
				CODE_SIGN_IDENTITY = "iPhone Developer";
				"CODE_SIGN_IDENTITY[sdk=iphoneos*]" = "iPhone Developer";
				GCC_PREFIX_HEADER = "$(SRCROOT)/PrefixHeader.pch";
				INFOPLIST_FILE = MACA/Info.plist;
				IPHONEOS_DEPLOYMENT_TARGET = 7.1;
				LD_RUNPATH_SEARCH_PATHS = "$(inherited) @executable_path/Frameworks";
				PRODUCT_NAME = "$(TARGET_NAME)";
				PROVISIONING_PROFILE = "";
			};
			name = Debug;
		};
		F8727E2D1AB327D800E29E21 /* Release */ = {
			isa = XCBuildConfiguration;
			buildSettings = {
				ASSETCATALOG_COMPILER_APPICON_NAME = AppIcon;
				ASSETCATALOG_COMPILER_LAUNCHIMAGE_NAME = LaunchImage;
				CODE_SIGN_IDENTITY = "iPhone Developer";
				"CODE_SIGN_IDENTITY[sdk=iphoneos*]" = "iPhone Developer";
				GCC_PREFIX_HEADER = "$(SRCROOT)/PrefixHeader.pch";
				INFOPLIST_FILE = MACA/Info.plist;
				IPHONEOS_DEPLOYMENT_TARGET = 7.1;
				LD_RUNPATH_SEARCH_PATHS = "$(inherited) @executable_path/Frameworks";
				PRODUCT_NAME = "$(TARGET_NAME)";
				PROVISIONING_PROFILE = "";
			};
			name = Release;
		};
		F8727E2F1AB327D800E29E21 /* Debug */ = {
			isa = XCBuildConfiguration;
			buildSettings = {
				BUNDLE_LOADER = "$(TEST_HOST)";
				FRAMEWORK_SEARCH_PATHS = (
					"$(SDKROOT)/Developer/Library/Frameworks",
					"$(inherited)",
				);
				GCC_PREPROCESSOR_DEFINITIONS = (
					"DEBUG=1",
					"$(inherited)",
				);
				INFOPLIST_FILE = MACATests/Info.plist;
				LD_RUNPATH_SEARCH_PATHS = "$(inherited) @executable_path/Frameworks @loader_path/Frameworks";
				PRODUCT_NAME = "$(TARGET_NAME)";
				TEST_HOST = "$(BUILT_PRODUCTS_DIR)/MACA.app/MACA";
			};
			name = Debug;
		};
		F8727E301AB327D800E29E21 /* Release */ = {
			isa = XCBuildConfiguration;
			buildSettings = {
				BUNDLE_LOADER = "$(TEST_HOST)";
				FRAMEWORK_SEARCH_PATHS = (
					"$(SDKROOT)/Developer/Library/Frameworks",
					"$(inherited)",
				);
				INFOPLIST_FILE = MACATests/Info.plist;
				LD_RUNPATH_SEARCH_PATHS = "$(inherited) @executable_path/Frameworks @loader_path/Frameworks";
				PRODUCT_NAME = "$(TARGET_NAME)";
				TEST_HOST = "$(BUILT_PRODUCTS_DIR)/MACA.app/MACA";
			};
			name = Release;
		};
/* End XCBuildConfiguration section */

/* Begin XCConfigurationList section */
		F8727E031AB327D800E29E21 /* Build configuration list for PBXProject "MACA" */ = {
			isa = XCConfigurationList;
			buildConfigurations = (
				F8727E291AB327D800E29E21 /* Debug */,
				F8727E2A1AB327D800E29E21 /* Release */,
			);
			defaultConfigurationIsVisible = 0;
			defaultConfigurationName = Release;
		};
		F8727E2B1AB327D800E29E21 /* Build configuration list for PBXNativeTarget "MACA" */ = {
			isa = XCConfigurationList;
			buildConfigurations = (
				F8727E2C1AB327D800E29E21 /* Debug */,
				F8727E2D1AB327D800E29E21 /* Release */,
			);
			defaultConfigurationIsVisible = 0;
			defaultConfigurationName = Release;
		};
		F8727E2E1AB327D800E29E21 /* Build configuration list for PBXNativeTarget "MACATests" */ = {
			isa = XCConfigurationList;
			buildConfigurations = (
				F8727E2F1AB327D800E29E21 /* Debug */,
				F8727E301AB327D800E29E21 /* Release */,
			);
			defaultConfigurationIsVisible = 0;
			defaultConfigurationName = Release;
		};
/* End XCConfigurationList section */
	};
	rootObject = F8727E001AB327D800E29E21 /* Project object */;
}
